
Microsoft Visual Studio Solution File, Format Version 12.00
# Visual Studio Version 16
VisualStudioVersion = 16.0.32228.343
MinimumVisualStudioVersion = 10.0.40219.1
Project("{FAE04EC0-301F-11D3-BF4B-00C04F79EFBC}") = "WpfApp", "WpfApp\WpfApp.csproj", "{8DA8F26E-6076-47E9-9472-32CFB5D699CE}"
EndProject
Global
	GlobalSection(SolutionConfigurationPlatforms) = preSolution
		Debug|Any CPU = Debug|Any CPU
		Release|Any CPU = Release|Any CPU
	EndGlobalSection
	GlobalSection(ProjectConfigurationPlatforms) = postSolution
		{8DA8F26E-6076-47E9-9472-32CFB5D699CE}.Debug|Any CPU.ActiveCfg = Debug|Any CPU
		{8DA8F26E-6076-47E9-9472-32CFB5D699CE}.Debug|Any CPU.Build.0 = Debug|Any CPU
		{8DA8F26E-6076-47E9-9472-32CFB5D699CE}.Release|Any CPU.ActiveCfg = Release|Any CPU
		{8DA8F26E-6076-47E9-9472-32CFB5D699CE}.Release|Any CPU.Build.0 = Release|Any CPU
	EndGlobalSection
	GlobalSection(SolutionProperties) = preSolution
		HideSolutionNode = FALSE
	EndGlobalSection
	GlobalSection(ExtensibilityGlobals) = postSolution
		SolutionGuid = {51BB4792-317B-4E43-AE2E-27A3AC20BB74}
	EndGlobalSection
EndGlobal
